// !$*UTF8*$!
{
	archiveVersion = 1;
	classes = {
	};
	objectVersion = 56;
	objects = {

/* Begin PBXBuildFile section */
		CAD241302B1A78AA00CDDF48 /* shoppingAppApp.swift in Sources */ = {isa = PBXBuildFile; fileRef = CAD2412F2B1A78AA00CDDF48 /* shoppingAppApp.swift */; };
		CAD241322B1A78AA00CDDF48 /* ContentView.swift in Sources */ = {isa = PBXBuildFile; fileRef = CAD241312B1A78AA00CDDF48 /* ContentView.swift */; };
		CAD241342B1A78AB00CDDF48 /* Assets.xcassets in Resources */ = {isa = PBXBuildFile; fileRef = CAD241332B1A78AB00CDDF48 /* Assets.xcassets */; };
		CAD241372B1A78AB00CDDF48 /* Preview Assets.xcassets in Resources */ = {isa = PBXBuildFile; fileRef = CAD241362B1A78AB00CDDF48 /* Preview Assets.xcassets */; };
		CAD2413E2B1A812D00CDDF48 /* OnBoardingScreenView.swift in Sources */ = {isa = PBXBuildFile; fileRef = CAD2413D2B1A812D00CDDF48 /* OnBoardingScreenView.swift */; };
		CAD241412B1A814D00CDDF48 /* HomeScreen.swift in Sources */ = {isa = PBXBuildFile; fileRef = CAD241402B1A814D00CDDF48 /* HomeScreen.swift */; };
		CAD241442B1E377D00CDDF48 /* ImageData.swift in Sources */ = {isa = PBXBuildFile; fileRef = CAD241432B1E377D00CDDF48 /* ImageData.swift */; };
		CAD241462B1E378F00CDDF48 /* NearYouData.swift in Sources */ = {isa = PBXBuildFile; fileRef = CAD241452B1E378F00CDDF48 /* NearYouData.swift */; };
		CAD241482B1E391300CDDF48 /* FruitCardView.swift in Sources */ = {isa = PBXBuildFile; fileRef = CAD241472B1E391300CDDF48 /* FruitCardView.swift */; };
		CAD2414C2B1E3C8000CDDF48 /* DetailView.swift in Sources */ = {isa = PBXBuildFile; fileRef = CAD2414B2B1E3C8000CDDF48 /* DetailView.swift */; };
		CAD2414E2B1E3C9E00CDDF48 /* TopSellingView.swift in Sources */ = {isa = PBXBuildFile; fileRef = CAD2414D2B1E3C9E00CDDF48 /* TopSellingView.swift */; };
		CAD241502B1E6B5700CDDF48 /* NearYouView.swift in Sources */ = {isa = PBXBuildFile; fileRef = CAD2414F2B1E6B5700CDDF48 /* NearYouView.swift */; };
/* End PBXBuildFile section */

/* Begin PBXFileReference section */
		CAD2412C2B1A78AA00CDDF48 /* shoppingApp.app */ = {isa = PBXFileReference; explicitFileType = wrapper.application; includeInIndex = 0; path = shoppingApp.app; sourceTree = BUILT_PRODUCTS_DIR; };
		CAD2412F2B1A78AA00CDDF48 /* shoppingAppApp.swift */ = {isa = PBXFileReference; lastKnownFileType = sourcecode.swift; path = shoppingAppApp.swift; sourceTree = "<group>"; };
		CAD241312B1A78AA00CDDF48 /* ContentView.swift */ = {isa = PBXFileReference; lastKnownFileType = sourcecode.swift; path = ContentView.swift; sourceTree = "<group>"; };
		CAD241332B1A78AB00CDDF48 /* Assets.xcassets */ = {isa = PBXFileReference; lastKnownFileType = folder.assetcatalog; path = Assets.xcassets; sourceTree = "<group>"; };
		CAD241362B1A78AB00CDDF48 /* Preview Assets.xcassets */ = {isa = PBXFileReference; lastKnownFileType = folder.assetcatalog; path = "Preview Assets.xcassets"; sourceTree = "<group>"; };
		CAD2413D2B1A812D00CDDF48 /* OnBoardingScreenView.swift */ = {isa = PBXFileReference; lastKnownFileType = sourcecode.swift; path = OnBoardingScreenView.swift; sourceTree = "<group>"; };
		CAD241402B1A814D00CDDF48 /* HomeScreen.swift */ = {isa = PBXFileReference; lastKnownFileType = sourcecode.swift; path = HomeScreen.swift; sourceTree = "<group>"; };
		CAD241432B1E377D00CDDF48 /* ImageData.swift */ = {isa = PBXFileReference; lastKnownFileType = sourcecode.swift; path = ImageData.swift; sourceTree = "<group>"; };
		CAD241452B1E378F00CDDF48 /* NearYouData.swift */ = {isa = PBXFileReference; lastKnownFileType = sourcecode.swift; path = NearYouData.swift; sourceTree = "<group>"; };
		CAD241472B1E391300CDDF48 /* FruitCardView.swift */ = {isa = PBXFileReference; lastKnownFileType = sourcecode.swift; path = FruitCardView.swift; sourceTree = "<group>"; };
		CAD2414B2B1E3C8000CDDF48 /* DetailView.swift */ = {isa = PBXFileReference; lastKnownFileType = sourcecode.swift; path = DetailView.swift; sourceTree = "<group>"; };
		CAD2414D2B1E3C9E00CDDF48 /* TopSellingView.swift */ = {isa = PBXFileReference; lastKnownFileType = sourcecode.swift; path = TopSellingView.swift; sourceTree = "<group>"; };
		CAD2414F2B1E6B5700CDDF48 /* NearYouView.swift */ = {isa = PBXFileReference; lastKnownFileType = sourcecode.swift; path = NearYouView.swift; sourceTree = "<group>"; };
/* End PBXFileReference section */

/* Begin PBXFrameworksBuildPhase section */
		CAD241292B1A78AA00CDDF48 /* Frameworks */ = {
			isa = PBXFrameworksBuildPhase;
			buildActionMask = 2147483647;
			files = (
			);
			runOnlyForDeploymentPostprocessing = 0;
		};
/* End PBXFrameworksBuildPhase section */

/* Begin PBXGroup section */
		CAD241232B1A78AA00CDDF48 = {
			isa = PBXGroup;
			children = (
				CAD2412E2B1A78AA00CDDF48 /* shoppingApp */,
				CAD2412D2B1A78AA00CDDF48 /* Products */,
			);
			sourceTree = "<group>";
		};
		CAD2412D2B1A78AA00CDDF48 /* Products */ = {
			isa = PBXGroup;
			children = (
				CAD2412C2B1A78AA00CDDF48 /* shoppingApp.app */,
			);
			name = Products;
			sourceTree = "<group>";
		};
		CAD2412E2B1A78AA00CDDF48 /* shoppingApp */ = {
			isa = PBXGroup;
			children = (
				CAD241422B1E375A00CDDF48 /* Model */,
				CAD2413F2B1A813300CDDF48 /* HomeScreenViews */,
				CAD2412F2B1A78AA00CDDF48 /* shoppingAppApp.swift */,
				CAD2413D2B1A812D00CDDF48 /* OnBoardingScreenView.swift */,
				CAD241312B1A78AA00CDDF48 /* ContentView.swift */,
				CAD241332B1A78AB00CDDF48 /* Assets.xcassets */,
				CAD241352B1A78AB00CDDF48 /* Preview Content */,
			);
			path = shoppingApp;
			sourceTree = "<group>";
		};
		CAD241352B1A78AB00CDDF48 /* Preview Content */ = {
			isa = PBXGroup;
			children = (
				CAD241362B1A78AB00CDDF48 /* Preview Assets.xcassets */,
			);
			path = "Preview Content";
			sourceTree = "<group>";
		};
		CAD2413F2B1A813300CDDF48 /* HomeScreenViews */ = {
			isa = PBXGroup;
			children = (
				CAD241402B1A814D00CDDF48 /* HomeScreen.swift */,
				CAD241472B1E391300CDDF48 /* FruitCardView.swift */,
				CAD2414B2B1E3C8000CDDF48 /* DetailView.swift */,
				CAD2414D2B1E3C9E00CDDF48 /* TopSellingView.swift */,
				CAD2414F2B1E6B5700CDDF48 /* NearYouView.swift */,
			);
			path = HomeScreenViews;
			sourceTree = "<group>";
		};
		CAD241422B1E375A00CDDF48 /* Model */ = {
			isa = PBXGroup;
			children = (
				CAD241432B1E377D00CDDF48 /* ImageData.swift */,
				CAD241452B1E378F00CDDF48 /* NearYouData.swift */,
			);
			path = Model;
			sourceTree = "<group>";
		};
/* End PBXGroup section */

/* Begin PBXNativeTarget section */
		CAD2412B2B1A78AA00CDDF48 /* shoppingApp */ = {
			isa = PBXNativeTarget;
			buildConfigurationList = CAD2413A2B1A78AB00CDDF48 /* Build configuration list for PBXNativeTarget "shoppingApp" */;
			buildPhases = (
				CAD241282B1A78AA00CDDF48 /* Sources */,
				CAD241292B1A78AA00CDDF48 /* Frameworks */,
				CAD2412A2B1A78AA00CDDF48 /* Resources */,
			);
			buildRules = (
			);
			dependencies = (
			);
			name = shoppingApp;
			productName = shoppingApp;
			productReference = CAD2412C2B1A78AA00CDDF48 /* shoppingApp.app */;
			productType = "com.apple.product-type.application";
		};
/* End PBXNativeTarget section */

/* Begin PBXProject section */
		CAD241242B1A78AA00CDDF48 /* Project object */ = {
			isa = PBXProject;
			attributes = {
				BuildIndependentTargetsInParallel = 1;
				LastSwiftUpdateCheck = 1500;
				LastUpgradeCheck = 1500;
				TargetAttributes = {
					CAD2412B2B1A78AA00CDDF48 = {
						CreatedOnToolsVersion = 15.0.1;
					};
				};
			};
			buildConfigurationList = CAD241272B1A78AA00CDDF48 /* Build configuration list for PBXProject "shoppingApp" */;
			compatibilityVersion = "Xcode 14.0";
			developmentRegion = en;
			hasScannedForEncodings = 0;
			knownRegions = (
				en,
				Base,
			);
			mainGroup = CAD241232B1A78AA00CDDF48;
			productRefGroup = CAD2412D2B1A78AA00CDDF48 /* Products */;
			projectDirPath = "";
			projectRoot = "";
			targets = (
				CAD2412B2B1A78AA00CDDF48 /* shoppingApp */,
			);
		};
/* End PBXProject section */

/* Begin PBXResourcesBuildPhase section */
		CAD2412A2B1A78AA00CDDF48 /* Resources */ = {
			isa = PBXResourcesBuildPhase;
			buildActionMask = 2147483647;
			files = (
				CAD241372B1A78AB00CDDF48 /* Preview Assets.xcassets in Resources */,
				CAD241342B1A78AB00CDDF48 /* Assets.xcassets in Resources */,
			);
			runOnlyForDeploymentPostprocessing = 0;
		};
/* End PBXResourcesBuildPhase section */

/* Begin PBXSourcesBuildPhase section */
		CAD241282B1A78AA00CDDF48 /* Sources */ = {
			isa = PBXSourcesBuildPhase;
			buildActionMask = 2147483647;
			files = (
				CAD241412B1A814D00CDDF48 /* HomeScreen.swift in Sources */,
				CAD2414C2B1E3C8000CDDF48 /* DetailView.swift in Sources */,
				CAD2414E2B1E3C9E00CDDF48 /* TopSellingView.swift in Sources */,
				CAD241462B1E378F00CDDF48 /* NearYouData.swift in Sources */,
				CAD2413E2B1A812D00CDDF48 /* OnBoardingScreenView.swift in Sources */,
				CAD241322B1A78AA00CDDF48 /* ContentView.swift in Sources */,
				CAD241502B1E6B5700CDDF48 /* NearYouView.swift in Sources */,
				CAD241482B1E391300CDDF48 /* FruitCardView.swift in Sources */,
				CAD241442B1E377D00CDDF48 /* ImageData.swift in Sources */,
				CAD241302B1A78AA00CDDF48 /* shoppingAppApp.swift in Sources */,
			);
			runOnlyForDeploymentPostprocessing = 0;
		};
/* End PBXSourcesBuildPhase section */

/* Begin XCBuildConfiguration section */
		CAD241382B1A78AB00CDDF48 /* Debug */ = {
			isa = XCBuildConfiguration;
			buildSettings = {
				ALWAYS_SEARCH_USER_PATHS = NO;
				ASSETCATALOG_COMPILER_GENERATE_SWIFT_ASSET_SYMBOL_EXTENSIONS = YES;
				CLANG_ANALYZER_NONNULL = YES;
				CLANG_ANALYZER_NUMBER_OBJECT_CONVERSION = YES_AGGRESSIVE;
				CLANG_CXX_LANGUAGE_STANDARD = "gnu++20";
				CLANG_ENABLE_MODULES = YES;
				CLANG_ENABLE_OBJC_ARC = YES;
				CLANG_ENABLE_OBJC_WEAK = YES;
				CLANG_WARN_BLOCK_CAPTURE_AUTORELEASING = YES;
				CLANG_WARN_BOOL_CONVERSION = YES;
				CLANG_WARN_COMMA = YES;
				CLANG_WARN_CONSTANT_CONVERSION = YES;
				CLANG_WARN_DEPRECATED_OBJC_IMPLEMENTATIONS = YES;
				CLANG_WARN_DIRECT_OBJC_ISA_USAGE = YES_ERROR;
				CLANG_WARN_DOCUMENTATION_COMMENTS = YES;
				CLANG_WARN_EMPTY_BODY = YES;
				CLANG_WARN_ENUM_CONVERSION = YES;
				CLANG_WARN_INFINITE_RECURSION = YES;
				CLANG_WARN_INT_CONVERSION = YES;
				CLANG_WARN_NON_LITERAL_NULL_CONVERSION = YES;
				CLANG_WARN_OBJC_IMPLICIT_RETAIN_SELF = YES;
				CLANG_WARN_OBJC_LITERAL_CONVERSION = YES;
				CLANG_WARN_OBJC_ROOT_CLASS = YES_ERROR;
				CLANG_WARN_QUOTED_INCLUDE_IN_FRAMEWORK_HEADER = YES;
				CLANG_WARN_RANGE_LOOP_ANALYSIS = YES;
				CLANG_WARN_STRICT_PROTOTYPES = YES;
				CLANG_WARN_SUSPICIOUS_MOVE = YES;
				CLANG_WARN_UNGUARDED_AVAILABILITY = YES_AGGRESSIVE;
				CLANG_WARN_UNREACHABLE_CODE = YES;
				CLANG_WARN__DUPLICATE_METHOD_MATCH = YES;
				COPY_PHASE_STRIP = NO;
				DEBUG_INFORMATION_FORMAT = dwarf;
				ENABLE_STRICT_OBJC_MSGSEND = YES;
				ENABLE_TESTABILITY = YES;
				ENABLE_USER_SCRIPT_SANDBOXING = YES;
				GCC_C_LANGUAGE_STANDARD = gnu17;
				GCC_DYNAMIC_NO_PIC = NO;
				GCC_NO_COMMON_BLOCKS = YES;
				GCC_OPTIMIZATION_LEVEL = 0;
				GCC_PREPROCESSOR_DEFINITIONS = (
					"DEBUG=1",
					"$(inherited)",
				);
				GCC_WARN_64_TO_32_BIT_CONVERSION = YES;
				GCC_WARN_ABOUT_RETURN_TYPE = YES_ERROR;
				GCC_WARN_UNDECLARED_SELECTOR = YES;
				GCC_WARN_UNINITIALIZED_AUTOS = YES_AGGRESSIVE;
				GCC_WARN_UNUSED_FUNCTION = YES;
				GCC_WARN_UNUSED_VARIABLE = YES;
				IPHONEOS_DEPLOYMENT_TARGET = 17.0;
				LOCALIZATION_PREFERS_STRING_CATALOGS = YES;
				MTL_ENABLE_DEBUG_INFO = INCLUDE_SOURCE;
				MTL_FAST_MATH = YES;
				ONLY_ACTIVE_ARCH = YES;
				SDKROOT = iphoneos;
				SWIFT_ACTIVE_COMPILATION_CONDITIONS = "DEBUG $(inherited)";
				SWIFT_OPTIMIZATION_LEVEL = "-Onone";
			};
			name = Debug;
		};
		CAD241392B1A78AB00CDDF48 /* Release */ = {
			isa = XCBuildConfiguration;
			buildSettings = {
				ALWAYS_SEARCH_USER_PATHS = NO;
				ASSETCATALOG_COMPILER_GENERATE_SWIFT_ASSET_SYMBOL_EXTENSIONS = YES;
				CLANG_ANALYZER_NONNULL = YES;
				CLANG_ANALYZER_NUMBER_OBJECT_CONVERSION = YES_AGGRESSIVE;
				CLANG_CXX_LANGUAGE_STANDARD = "gnu++20";
				CLANG_ENABLE_MODULES = YES;
				CLANG_ENABLE_OBJC_ARC = YES;
				CLANG_ENABLE_OBJC_WEAK = YES;
				CLANG_WARN_BLOCK_CAPTURE_AUTORELEASING = YES;
				CLANG_WARN_BOOL_CONVERSION = YES;
				CLANG_WARN_COMMA = YES;
				CLANG_WARN_CONSTANT_CONVERSION = YES;
				CLANG_WARN_DEPRECATED_OBJC_IMPLEMENTATIONS = YES;
				CLANG_WARN_DIRECT_OBJC_ISA_USAGE = YES_ERROR;
				CLANG_WARN_DOCUMENTATION_COMMENTS = YES;
				CLANG_WARN_EMPTY_BODY = YES;
				CLANG_WARN_ENUM_CONVERSION = YES;
				CLANG_WARN_INFINITE_RECURSION = YES;
				CLANG_WARN_INT_CONVERSION = YES;
				CLANG_WARN_NON_LITERAL_NULL_CONVERSION = YES;
				CLANG_WARN_OBJC_IMPLICIT_RETAIN_SELF = YES;
				CLANG_WARN_OBJC_LITERAL_CONVERSION = YES;
				CLANG_WARN_OBJC_ROOT_CLASS = YES_ERROR;
				CLANG_WARN_QUOTED_INCLUDE_IN_FRAMEWORK_HEADER = YES;
				CLANG_WARN_RANGE_LOOP_ANALYSIS = YES;
				CLANG_WARN_STRICT_PROTOTYPES = YES;
				CLANG_WARN_SUSPICIOUS_MOVE = YES;
				CLANG_WARN_UNGUARDED_AVAILABILITY = YES_AGGRESSIVE;
				CLANG_WARN_UNREACHABLE_CODE = YES;
				CLANG_WARN__DUPLICATE_METHOD_MATCH = YES;
				COPY_PHASE_STRIP = NO;
				DEBUG_INFORMATION_FORMAT = "dwarf-with-dsym";
				ENABLE_NS_ASSERTIONS = NO;
				ENABLE_STRICT_OBJC_MSGSEND = YES;
				ENABLE_USER_SCRIPT_SANDBOXING = YES;
				GCC_C_LANGUAGE_STANDARD = gnu17;
				GCC_NO_COMMON_BLOCKS = YES;
				GCC_WARN_64_TO_32_BIT_CONVERSION = YES;
				GCC_WARN_ABOUT_RETURN_TYPE = YES_ERROR;
				GCC_WARN_UNDECLARED_SELECTOR = YES;
				GCC_WARN_UNINITIALIZED_AUTOS = YES_AGGRESSIVE;
				GCC_WARN_UNUSED_FUNCTION = YES;
				GCC_WARN_UNUSED_VARIABLE = YES;
				IPHONEOS_DEPLOYMENT_TARGET = 17.0;
				LOCALIZATION_PREFERS_STRING_CATALOGS = YES;
				MTL_ENABLE_DEBUG_INFO = NO;
				MTL_FAST_MATH = YES;
				SDKROOT = iphoneos;
				SWIFT_COMPILATION_MODE = wholemodule;
				VALIDATE_PRODUCT = YES;
			};
			name = Release;
		};
		CAD2413B2B1A78AB00CDDF48 /* Debug */ = {
			isa = XCBuildConfiguration;
			buildSettings = {
				ASSETCATALOG_COMPILER_APPICON_NAME = AppIcon;
				ASSETCATALOG_COMPILER_GLOBAL_ACCENT_COLOR_NAME = AccentColor;
				CODE_SIGN_STYLE = Automatic;
				CURRENT_PROJECT_VERSION = 1;
				DEVELOPMENT_ASSET_PATHS = "\"shoppingApp/Preview Content\"";
				ENABLE_PREVIEWS = YES;
				GENERATE_INFOPLIST_FILE = YES;
				INFOPLIST_KEY_UIApplicationSceneManifest_Generation = YES;
				INFOPLIST_KEY_UIApplicationSupportsIndirectInputEvents = YES;
				INFOPLIST_KEY_UILaunchScreen_Generation = YES;
				INFOPLIST_KEY_UISupportedInterfaceOrientations_iPad = "UIInterfaceOrientationPortrait UIInterfaceOrientationPortraitUpsideDown UIInterfaceOrientationLandscapeLeft UIInterfaceOrientationLandscapeRight";
				INFOPLIST_KEY_UISupportedInterfaceOrientations_iPhone = "UIInterfaceOrientationPortrait UIInterfaceOrientationLandscapeLeft UIInterfaceOrientationLandscapeRight";
				LD_RUNPATH_SEARCH_PATHS = (
					"$(inherited)",
					"@executable_path/Frameworks",
				);
				MARKETING_VERSION = 1.0;
				PRODUCT_BUNDLE_IDENTIFIER = com.djd.shoppingApp;
				PRODUCT_NAME = "$(TARGET_NAME)";
				SWIFT_EMIT_LOC_STRINGS = YES;
				SWIFT_VERSION = 5.0;
				TARGETED_DEVICE_FAMILY = "1,2";
			};
			name = Debug;
		};
		CAD2413C2B1A78AB00CDDF48 /* Release */ = {
			isa = XCBuildConfiguration;
			buildSettings = {
				ASSETCATALOG_COMPILER_APPICON_NAME = AppIcon;
				ASSETCATALOG_COMPILER_GLOBAL_ACCENT_COLOR_NAME = AccentColor;
				CODE_SIGN_STYLE = Automatic;
				CURRENT_PROJECT_VERSION = 1;
				DEVELOPMENT_ASSET_PATHS = "\"shoppingApp/Preview Content\"";
				ENABLE_PREVIEWS = YES;
				GENERATE_INFOPLIST_FILE = YES;
				INFOPLIST_KEY_UIApplicationSceneManifest_Generation = YES;
				INFOPLIST_KEY_UIApplicationSupportsIndirectInputEvents = YES;
				INFOPLIST_KEY_UILaunchScreen_Generation = YES;
				INFOPLIST_KEY_UISupportedInterfaceOrientations_iPad = "UIInterfaceOrientationPortrait UIInterfaceOrientationPortraitUpsideDown UIInterfaceOrientationLandscapeLeft UIInterfaceOrientationLandscapeRight";
				INFOPLIST_KEY_UISupportedInterfaceOrientations_iPhone = "UIInterfaceOrientationPortrait UIInterfaceOrientationLandscapeLeft UIInterfaceOrientationLandscapeRight";
				LD_RUNPATH_SEARCH_PATHS = (
					"$(inherited)",
					"@executable_path/Frameworks",
				);
				MARKETING_VERSION = 1.0;
				PRODUCT_BUNDLE_IDENTIFIER = com.djd.shoppingApp;
				PRODUCT_NAME = "$(TARGET_NAME)";
				SWIFT_EMIT_LOC_STRINGS = YES;
				SWIFT_VERSION = 5.0;
				TARGETED_DEVICE_FAMILY = "1,2";
			};
			name = Release;
		};
/* End XCBuildConfiguration section */

/* Begin XCConfigurationList section */
		CAD241272B1A78AA00CDDF48 /* Build configuration list for PBXProject "shoppingApp" */ = {
			isa = XCConfigurationList;
			buildConfigurations = (
				CAD241382B1A78AB00CDDF48 /* Debug */,
				CAD241392B1A78AB00CDDF48 /* Release */,
			);
			defaultConfigurationIsVisible = 0;
			defaultConfigurationName = Release;
		};
		CAD2413A2B1A78AB00CDDF48 /* Build configuration list for PBXNativeTarget "shoppingApp" */ = {
			isa = XCConfigurationList;
			buildConfigurations = (
				CAD2413B2B1A78AB00CDDF48 /* Debug */,
				CAD2413C2B1A78AB00CDDF48 /* Release */,
			);
			defaultConfigurationIsVisible = 0;
			defaultConfigurationName = Release;
		};
/* End XCConfigurationList section */
	};
	rootObject = CAD241242B1A78AA00CDDF48 /* Project object */;
}
